
Microsoft Visual Studio Solution File, Format Version 12.00
# Visual Studio 14
VisualStudioVersion = 14.0.25420.1
MinimumVisualStudioVersion = 10.0.40219.1
Project("{FAE04EC0-301F-11D3-BF4B-00C04F79EFBC}") = "MagicalNumbers", "MagicalNumbers\MagicalNumbers.csproj", "{B0C980EE-5762-47FA-9DBA-5A163D0980DD}"
EndProject
Project("{FAE04EC0-301F-11D3-BF4B-00C04F79EFBC}") = "GoingToParty", "GoingToParty\GoingToParty.csproj", "{9237F44F-A84D-4245-A6DC-7CC3CEE55014}"
EndProject
Project("{FAE04EC0-301F-11D3-BF4B-00C04F79EFBC}") = "SecretMessage", "SecretMessage\SecretMessage.csproj", "{C19054CB-1B63-442D-9DD6-A13A50E1AEB1}"
EndProject
Project("{FAE04EC0-301F-11D3-BF4B-00C04F79EFBC}") = "MergingNumbers", "MergingNumbers\MergingNumbers.csproj", "{7318709D-D48F-4729-9361-56DF08EC00E0}"
EndProject
Global
	GlobalSection(SolutionConfigurationPlatforms) = preSolution
		Debug|Any CPU = Debug|Any CPU
		Release|Any CPU = Release|Any CPU
	EndGlobalSection
	GlobalSection(ProjectConfigurationPlatforms) = postSolution
		{B0C980EE-5762-47FA-9DBA-5A163D0980DD}.Debug|Any CPU.ActiveCfg = Debug|Any CPU
		{B0C980EE-5762-47FA-9DBA-5A163D0980DD}.Debug|Any CPU.Build.0 = Debug|Any CPU
		{B0C980EE-5762-47FA-9DBA-5A163D0980DD}.Release|Any CPU.ActiveCfg = Release|Any CPU
		{B0C980EE-5762-47FA-9DBA-5A163D0980DD}.Release|Any CPU.Build.0 = Release|Any CPU
		{9237F44F-A84D-4245-A6DC-7CC3CEE55014}.Debug|Any CPU.ActiveCfg = Debug|Any CPU
		{9237F44F-A84D-4245-A6DC-7CC3CEE55014}.Debug|Any CPU.Build.0 = Debug|Any CPU
		{9237F44F-A84D-4245-A6DC-7CC3CEE55014}.Release|Any CPU.ActiveCfg = Release|Any CPU
		{9237F44F-A84D-4245-A6DC-7CC3CEE55014}.Release|Any CPU.Build.0 = Release|Any CPU
		{C19054CB-1B63-442D-9DD6-A13A50E1AEB1}.Debug|Any CPU.ActiveCfg = Debug|Any CPU
		{C19054CB-1B63-442D-9DD6-A13A50E1AEB1}.Debug|Any CPU.Build.0 = Debug|Any CPU
		{C19054CB-1B63-442D-9DD6-A13A50E1AEB1}.Release|Any CPU.ActiveCfg = Release|Any CPU
		{C19054CB-1B63-442D-9DD6-A13A50E1AEB1}.Release|Any CPU.Build.0 = Release|Any CPU
		{7318709D-D48F-4729-9361-56DF08EC00E0}.Debug|Any CPU.ActiveCfg = Debug|Any CPU
		{7318709D-D48F-4729-9361-56DF08EC00E0}.Debug|Any CPU.Build.0 = Debug|Any CPU
		{7318709D-D48F-4729-9361-56DF08EC00E0}.Release|Any CPU.ActiveCfg = Release|Any CPU
		{7318709D-D48F-4729-9361-56DF08EC00E0}.Release|Any CPU.Build.0 = Release|Any CPU
	EndGlobalSection
	GlobalSection(SolutionProperties) = preSolution
		HideSolutionNode = FALSE
	EndGlobalSection
EndGlobal
